
Microsoft Visual Studio Solution File, Format Version 12.00
# Visual Studio Version 17
VisualStudioVersion = 17.7.34031.279
MinimumVisualStudioVersion = 10.0.40219.1
Project("{FAE04EC0-301F-11D3-BF4B-00C04F79EFBC}") = "EditorTexto", "EditorTexto\EditorTexto.csproj", "{FCF6F456-37E7-442D-A096-AAD9B66746FD}"
EndProject
Global
	GlobalSection(SolutionConfigurationPlatforms) = preSolution
		Debug|Any CPU = Debug|Any CPU
		Release|Any CPU = Release|Any CPU
	EndGlobalSection
	GlobalSection(ProjectConfigurationPlatforms) = postSolution
		{FCF6F456-37E7-442D-A096-AAD9B66746FD}.Debug|Any CPU.ActiveCfg = Debug|Any CPU
		{FCF6F456-37E7-442D-A096-AAD9B66746FD}.Debug|Any CPU.Build.0 = Debug|Any CPU
		{FCF6F456-37E7-442D-A096-AAD9B66746FD}.Release|Any CPU.ActiveCfg = Release|Any CPU
		{FCF6F456-37E7-442D-A096-AAD9B66746FD}.Release|Any CPU.Build.0 = Release|Any CPU
	EndGlobalSection
	GlobalSection(SolutionProperties) = preSolution
		HideSolutionNode = FALSE
	EndGlobalSection
	GlobalSection(ExtensibilityGlobals) = postSolution
		SolutionGuid = {5E7A87CA-86B6-49E8-B401-F067CB56F745}
	EndGlobalSection
EndGlobal
